
Microsoft Visual Studio Solution File, Format Version 12.00
# Visual Studio 14
VisualStudioVersion = 14.0.25420.1
MinimumVisualStudioVersion = 10.0.40219.1
Project("{8BC9CEB8-8B4A-11D0-8D11-00A0C91BC942}") = "widget", "widget\widget.vcxproj", "{E9C7A22C-2070-4DCA-AE98-F15AABDC6C09}"
EndProject
Project("{8BC9CEB8-8B4A-11D0-8D11-00A0C91BC942}") = "wx_toolbar", "wx_toolbar\wx_toolbar.vcxproj", "{F1CC612F-F254-4ADF-BD2D-5590DC569D1F}"
EndProject
Project("{8BC9CEB8-8B4A-11D0-8D11-00A0C91BC942}") = "wx_sizer", "wx_sizer\wx_sizer.vcxproj", "{6E1F1AFD-EEB4-4C2F-915A-756DC098B6F3}"
EndProject
Project("{8BC9CEB8-8B4A-11D0-8D11-00A0C91BC942}") = "wxServer", "wxServer\wxServer.vcxproj", "{142D791A-F6DC-4F56-81B9-B4E88D58A781}"
EndProject
Project("{8BC9CEB8-8B4A-11D0-8D11-00A0C91BC942}") = "ConsoleApplicationTest", "ConsoleApplicationTest\ConsoleApplicationTest.vcxproj", "{1FCC0B4C-234E-4186-A1BE-848F548F65A4}"
EndProject
Project("{8BC9CEB8-8B4A-11D0-8D11-00A0C91BC942}") = "heap_example", "heap_example\heap_example.vcxproj", "{78BD2FEB-2F14-4A4A-BCA5-76FCF3B1A7D2}"
EndProject
Project("{8BC9CEB8-8B4A-11D0-8D11-00A0C91BC942}") = "new_operator", "new_operator\new_operator.vcxproj", "{6208959E-DB41-4B3F-8369-539086BFBD30}"
EndProject
Project("{8BC9CEB8-8B4A-11D0-8D11-00A0C91BC942}") = "chat", "chat\chat.vcxproj", "{A3983268-F923-464C-9B58-94E5F212A60C}"
EndProject
Project("{8BC9CEB8-8B4A-11D0-8D11-00A0C91BC942}") = "smart_pointer", "smart_pointer\smart_pointer.vcxproj", "{40A4B05A-F1FB-4C8F-AC12-D141B8AAE7A7}"
EndProject
Project("{8BC9CEB8-8B4A-11D0-8D11-00A0C91BC942}") = "boost_custom_memory_alloc", "boost_example\boost_example.vcxproj", "{AAE7188B-9D25-49FF-BFD2-520F96C8D4B2}"
EndProject
Project("{8BC9CEB8-8B4A-11D0-8D11-00A0C91BC942}") = "boost_async_timer", "boost_async_timer\boost_async_timer.vcxproj", "{9E800417-9457-46B1-A961-60AAA58A4030}"
EndProject
Project("{8BC9CEB8-8B4A-11D0-8D11-00A0C91BC942}") = "boost_datetime_sync", "boost_datetime_sync\boost_datetime_sync.vcxproj", "{6A4B2FF7-999D-4EB3-B739-636AFA66DA0D}"
EndProject
Project("{8BC9CEB8-8B4A-11D0-8D11-00A0C91BC942}") = "boost_datetime_async", "boost_datetime_async\boost_datetime_async.vcxproj", "{A8EE5322-096D-48C4-ABE1-D24F606D816D}"
EndProject
Project("{8BC9CEB8-8B4A-11D0-8D11-00A0C91BC942}") = "boost_asio_http_client", "boost_asio_http_client\boost_asio_http_client.vcxproj", "{DCD9903B-53BC-4B33-B9E8-C1C3555D3027}"
EndProject
Project("{8BC9CEB8-8B4A-11D0-8D11-00A0C91BC942}") = "threadpool", "threadpool\threadpool.vcxproj", "{43E74816-9493-4DF3-8A24-C97EE246DB23}"
EndProject
Project("{8BC9CEB8-8B4A-11D0-8D11-00A0C91BC942}") = "effective_modern_cpp", "effective_modern_cpp\effective_modern_cpp.vcxproj", "{8A19C3A7-B2FC-441C-AED9-0E3244FC132D}"
EndProject
Project("{8BC9CEB8-8B4A-11D0-8D11-00A0C91BC942}") = "plugins", "plugins\plugins.vcxproj", "{D40F289F-AB38-4083-86DE-F1043E2D377B}"
EndProject
Project("{2150E333-8FDC-42A3-9474-1A3956D46DE8}") = "ADT", "ADT", "{E012B363-D934-4273-A196-FF3730AEA0DB}"
EndProject
Project("{8BC9CEB8-8B4A-11D0-8D11-00A0C91BC942}") = "Polynomial", "Polynomial\Polynomial.vcxproj", "{3E44334A-B80A-4335-BCF0-790041830EF9}"
EndProject
Project("{8BC9CEB8-8B4A-11D0-8D11-00A0C91BC942}") = "SparseMatrix", "SparseMatrix\SparseMatrix.vcxproj", "{036A4293-21E9-4E83-A4B7-CAC2F8E7401E}"
EndProject
Project("{2150E333-8FDC-42A3-9474-1A3956D46DE8}") = "Boost", "Boost", "{70C1D5B6-851C-4CD6-8B55-0976F97AFABB}"
EndProject
Global
	GlobalSection(SolutionConfigurationPlatforms) = preSolution
		Debug|x64 = Debug|x64
		Debug|x86 = Debug|x86
		Release|x64 = Release|x64
		Release|x86 = Release|x86
	EndGlobalSection
	GlobalSection(ProjectConfigurationPlatforms) = postSolution
		{E9C7A22C-2070-4DCA-AE98-F15AABDC6C09}.Debug|x64.ActiveCfg = Debug|x64
		{E9C7A22C-2070-4DCA-AE98-F15AABDC6C09}.Debug|x64.Build.0 = Debug|x64
		{E9C7A22C-2070-4DCA-AE98-F15AABDC6C09}.Debug|x86.ActiveCfg = Debug|Win32
		{E9C7A22C-2070-4DCA-AE98-F15AABDC6C09}.Debug|x86.Build.0 = Debug|Win32
		{E9C7A22C-2070-4DCA-AE98-F15AABDC6C09}.Release|x64.ActiveCfg = Release|x64
		{E9C7A22C-2070-4DCA-AE98-F15AABDC6C09}.Release|x64.Build.0 = Release|x64
		{E9C7A22C-2070-4DCA-AE98-F15AABDC6C09}.Release|x86.ActiveCfg = Release|Win32
		{E9C7A22C-2070-4DCA-AE98-F15AABDC6C09}.Release|x86.Build.0 = Release|Win32
		{F1CC612F-F254-4ADF-BD2D-5590DC569D1F}.Debug|x64.ActiveCfg = Debug|x64
		{F1CC612F-F254-4ADF-BD2D-5590DC569D1F}.Debug|x64.Build.0 = Debug|x64
		{F1CC612F-F254-4ADF-BD2D-5590DC569D1F}.Debug|x86.ActiveCfg = Debug|Win32
		{F1CC612F-F254-4ADF-BD2D-5590DC569D1F}.Debug|x86.Build.0 = Debug|Win32
		{F1CC612F-F254-4ADF-BD2D-5590DC569D1F}.Release|x64.ActiveCfg = Release|x64
		{F1CC612F-F254-4ADF-BD2D-5590DC569D1F}.Release|x64.Build.0 = Release|x64
		{F1CC612F-F254-4ADF-BD2D-5590DC569D1F}.Release|x86.ActiveCfg = Release|Win32
		{F1CC612F-F254-4ADF-BD2D-5590DC569D1F}.Release|x86.Build.0 = Release|Win32
		{6E1F1AFD-EEB4-4C2F-915A-756DC098B6F3}.Debug|x64.ActiveCfg = Debug|x64
		{6E1F1AFD-EEB4-4C2F-915A-756DC098B6F3}.Debug|x64.Build.0 = Debug|x64
		{6E1F1AFD-EEB4-4C2F-915A-756DC098B6F3}.Debug|x86.ActiveCfg = Debug|Win32
		{6E1F1AFD-EEB4-4C2F-915A-756DC098B6F3}.Debug|x86.Build.0 = Debug|Win32
		{6E1F1AFD-EEB4-4C2F-915A-756DC098B6F3}.Release|x64.ActiveCfg = Release|x64
		{6E1F1AFD-EEB4-4C2F-915A-756DC098B6F3}.Release|x64.Build.0 = Release|x64
		{6E1F1AFD-EEB4-4C2F-915A-756DC098B6F3}.Release|x86.ActiveCfg = Release|Win32
		{6E1F1AFD-EEB4-4C2F-915A-756DC098B6F3}.Release|x86.Build.0 = Release|Win32
		{142D791A-F6DC-4F56-81B9-B4E88D58A781}.Debug|x64.ActiveCfg = Debug|x64
		{142D791A-F6DC-4F56-81B9-B4E88D58A781}.Debug|x64.Build.0 = Debug|x64
		{142D791A-F6DC-4F56-81B9-B4E88D58A781}.Debug|x86.ActiveCfg = Debug|Win32
		{142D791A-F6DC-4F56-81B9-B4E88D58A781}.Debug|x86.Build.0 = Debug|Win32
		{142D791A-F6DC-4F56-81B9-B4E88D58A781}.Release|x64.ActiveCfg = Release|x64
		{142D791A-F6DC-4F56-81B9-B4E88D58A781}.Release|x64.Build.0 = Release|x64
		{142D791A-F6DC-4F56-81B9-B4E88D58A781}.Release|x86.ActiveCfg = Release|Win32
		{142D791A-F6DC-4F56-81B9-B4E88D58A781}.Release|x86.Build.0 = Release|Win32
		{1FCC0B4C-234E-4186-A1BE-848F548F65A4}.Debug|x64.ActiveCfg = Debug|x64
		{1FCC0B4C-234E-4186-A1BE-848F548F65A4}.Debug|x64.Build.0 = Debug|x64
		{1FCC0B4C-234E-4186-A1BE-848F548F65A4}.Debug|x86.ActiveCfg = Debug|Win32
		{1FCC0B4C-234E-4186-A1BE-848F548F65A4}.Debug|x86.Build.0 = Debug|Win32
		{1FCC0B4C-234E-4186-A1BE-848F548F65A4}.Release|x64.ActiveCfg = Release|x64
		{1FCC0B4C-234E-4186-A1BE-848F548F65A4}.Release|x64.Build.0 = Release|x64
		{1FCC0B4C-234E-4186-A1BE-848F548F65A4}.Release|x86.ActiveCfg = Release|Win32
		{1FCC0B4C-234E-4186-A1BE-848F548F65A4}.Release|x86.Build.0 = Release|Win32
		{78BD2FEB-2F14-4A4A-BCA5-76FCF3B1A7D2}.Debug|x64.ActiveCfg = Debug|x64
		{78BD2FEB-2F14-4A4A-BCA5-76FCF3B1A7D2}.Debug|x64.Build.0 = Debug|x64
		{78BD2FEB-2F14-4A4A-BCA5-76FCF3B1A7D2}.Debug|x86.ActiveCfg = Debug|Win32
		{78BD2FEB-2F14-4A4A-BCA5-76FCF3B1A7D2}.Debug|x86.Build.0 = Debug|Win32
		{78BD2FEB-2F14-4A4A-BCA5-76FCF3B1A7D2}.Release|x64.ActiveCfg = Release|x64
		{78BD2FEB-2F14-4A4A-BCA5-76FCF3B1A7D2}.Release|x64.Build.0 = Release|x64
		{78BD2FEB-2F14-4A4A-BCA5-76FCF3B1A7D2}.Release|x86.ActiveCfg = Release|Win32
		{78BD2FEB-2F14-4A4A-BCA5-76FCF3B1A7D2}.Release|x86.Build.0 = Release|Win32
		{6208959E-DB41-4B3F-8369-539086BFBD30}.Debug|x64.ActiveCfg = Debug|x64
		{6208959E-DB41-4B3F-8369-539086BFBD30}.Debug|x64.Build.0 = Debug|x64
		{6208959E-DB41-4B3F-8369-539086BFBD30}.Debug|x86.ActiveCfg = Debug|Win32
		{6208959E-DB41-4B3F-8369-539086BFBD30}.Debug|x86.Build.0 = Debug|Win32
		{6208959E-DB41-4B3F-8369-539086BFBD30}.Release|x64.ActiveCfg = Release|x64
		{6208959E-DB41-4B3F-8369-539086BFBD30}.Release|x64.Build.0 = Release|x64
		{6208959E-DB41-4B3F-8369-539086BFBD30}.Release|x86.ActiveCfg = Release|Win32
		{6208959E-DB41-4B3F-8369-539086BFBD30}.Release|x86.Build.0 = Release|Win32
		{A3983268-F923-464C-9B58-94E5F212A60C}.Debug|x64.ActiveCfg = Debug|x64
		{A3983268-F923-464C-9B58-94E5F212A60C}.Debug|x64.Build.0 = Debug|x64
		{A3983268-F923-464C-9B58-94E5F212A60C}.Debug|x86.ActiveCfg = Debug|Win32
		{A3983268-F923-464C-9B58-94E5F212A60C}.Debug|x86.Build.0 = Debug|Win32
		{A3983268-F923-464C-9B58-94E5F212A60C}.Release|x64.ActiveCfg = Release|x64
		{A3983268-F923-464C-9B58-94E5F212A60C}.Release|x64.Build.0 = Release|x64
		{A3983268-F923-464C-9B58-94E5F212A60C}.Release|x86.ActiveCfg = Release|Win32
		{A3983268-F923-464C-9B58-94E5F212A60C}.Release|x86.Build.0 = Release|Win32
		{40A4B05A-F1FB-4C8F-AC12-D141B8AAE7A7}.Debug|x64.ActiveCfg = Debug|x64
		{40A4B05A-F1FB-4C8F-AC12-D141B8AAE7A7}.Debug|x64.Build.0 = Debug|x64
		{40A4B05A-F1FB-4C8F-AC12-D141B8AAE7A7}.Debug|x86.ActiveCfg = Debug|Win32
		{40A4B05A-F1FB-4C8F-AC12-D141B8AAE7A7}.Debug|x86.Build.0 = Debug|Win32
		{40A4B05A-F1FB-4C8F-AC12-D141B8AAE7A7}.Release|x64.ActiveCfg = Release|x64
		{40A4B05A-F1FB-4C8F-AC12-D141B8AAE7A7}.Release|x64.Build.0 = Release|x64
		{40A4B05A-F1FB-4C8F-AC12-D141B8AAE7A7}.Release|x86.ActiveCfg = Release|Win32
		{40A4B05A-F1FB-4C8F-AC12-D141B8AAE7A7}.Release|x86.Build.0 = Release|Win32
		{AAE7188B-9D25-49FF-BFD2-520F96C8D4B2}.Debug|x64.ActiveCfg = Debug|x64
		{AAE7188B-9D25-49FF-BFD2-520F96C8D4B2}.Debug|x64.Build.0 = Debug|x64
		{AAE7188B-9D25-49FF-BFD2-520F96C8D4B2}.Debug|x86.ActiveCfg = Debug|Win32
		{AAE7188B-9D25-49FF-BFD2-520F96C8D4B2}.Debug|x86.Build.0 = Debug|Win32
		{AAE7188B-9D25-49FF-BFD2-520F96C8D4B2}.Release|x64.ActiveCfg = Release|x64
		{AAE7188B-9D25-49FF-BFD2-520F96C8D4B2}.Release|x64.Build.0 = Release|x64
		{AAE7188B-9D25-49FF-BFD2-520F96C8D4B2}.Release|x86.ActiveCfg = Release|Win32
		{AAE7188B-9D25-49FF-BFD2-520F96C8D4B2}.Release|x86.Build.0 = Release|Win32
		{9E800417-9457-46B1-A961-60AAA58A4030}.Debug|x64.ActiveCfg = Debug|x64
		{9E800417-9457-46B1-A961-60AAA58A4030}.Debug|x64.Build.0 = Debug|x64
		{9E800417-9457-46B1-A961-60AAA58A4030}.Debug|x86.ActiveCfg = Debug|Win32
		{9E800417-9457-46B1-A961-60AAA58A4030}.Debug|x86.Build.0 = Debug|Win32
		{9E800417-9457-46B1-A961-60AAA58A4030}.Release|x64.ActiveCfg = Release|x64
		{9E800417-9457-46B1-A961-60AAA58A4030}.Release|x64.Build.0 = Release|x64
		{9E800417-9457-46B1-A961-60AAA58A4030}.Release|x86.ActiveCfg = Release|Win32
		{9E800417-9457-46B1-A961-60AAA58A4030}.Release|x86.Build.0 = Release|Win32
		{6A4B2FF7-999D-4EB3-B739-636AFA66DA0D}.Debug|x64.ActiveCfg = Debug|x64
		{6A4B2FF7-999D-4EB3-B739-636AFA66DA0D}.Debug|x64.Build.0 = Debug|x64
		{6A4B2FF7-999D-4EB3-B739-636AFA66DA0D}.Debug|x86.ActiveCfg = Debug|Win32
		{6A4B2FF7-999D-4EB3-B739-636AFA66DA0D}.Debug|x86.Build.0 = Debug|Win32
		{6A4B2FF7-999D-4EB3-B739-636AFA66DA0D}.Release|x64.ActiveCfg = Release|x64
		{6A4B2FF7-999D-4EB3-B739-636AFA66DA0D}.Release|x64.Build.0 = Release|x64
		{6A4B2FF7-999D-4EB3-B739-636AFA66DA0D}.Release|x86.ActiveCfg = Release|Win32
		{6A4B2FF7-999D-4EB3-B739-636AFA66DA0D}.Release|x86.Build.0 = Release|Win32
		{A8EE5322-096D-48C4-ABE1-D24F606D816D}.Debug|x64.ActiveCfg = Debug|x64
		{A8EE5322-096D-48C4-ABE1-D24F606D816D}.Debug|x64.Build.0 = Debug|x64
		{A8EE5322-096D-48C4-ABE1-D24F606D816D}.Debug|x86.ActiveCfg = Debug|Win32
		{A8EE5322-096D-48C4-ABE1-D24F606D816D}.Debug|x86.Build.0 = Debug|Win32
		{A8EE5322-096D-48C4-ABE1-D24F606D816D}.Release|x64.ActiveCfg = Release|x64
		{A8EE5322-096D-48C4-ABE1-D24F606D816D}.Release|x64.Build.0 = Release|x64
		{A8EE5322-096D-48C4-ABE1-D24F606D816D}.Release|x86.ActiveCfg = Release|Win32
		{A8EE5322-096D-48C4-ABE1-D24F606D816D}.Release|x86.Build.0 = Release|Win32
		{DCD9903B-53BC-4B33-B9E8-C1C3555D3027}.Debug|x64.ActiveCfg = Debug|x64
		{DCD9903B-53BC-4B33-B9E8-C1C3555D3027}.Debug|x64.Build.0 = Debug|x64
		{DCD9903B-53BC-4B33-B9E8-C1C3555D3027}.Debug|x86.ActiveCfg = Debug|Win32
		{DCD9903B-53BC-4B33-B9E8-C1C3555D3027}.Debug|x86.Build.0 = Debug|Win32
		{DCD9903B-53BC-4B33-B9E8-C1C3555D3027}.Release|x64.ActiveCfg = Release|x64
		{DCD9903B-53BC-4B33-B9E8-C1C3555D3027}.Release|x64.Build.0 = Release|x64
		{DCD9903B-53BC-4B33-B9E8-C1C3555D3027}.Release|x86.ActiveCfg = Release|Win32
		{DCD9903B-53BC-4B33-B9E8-C1C3555D3027}.Release|x86.Build.0 = Release|Win32
		{43E74816-9493-4DF3-8A24-C97EE246DB23}.Debug|x64.ActiveCfg = Debug|x64
		{43E74816-9493-4DF3-8A24-C97EE246DB23}.Debug|x64.Build.0 = Debug|x64
		{43E74816-9493-4DF3-8A24-C97EE246DB23}.Debug|x86.ActiveCfg = Debug|Win32
		{43E74816-9493-4DF3-8A24-C97EE246DB23}.Debug|x86.Build.0 = Debug|Win32
		{43E74816-9493-4DF3-8A24-C97EE246DB23}.Release|x64.ActiveCfg = Release|x64
		{43E74816-9493-4DF3-8A24-C97EE246DB23}.Release|x64.Build.0 = Release|x64
		{43E74816-9493-4DF3-8A24-C97EE246DB23}.Release|x86.ActiveCfg = Release|Win32
		{43E74816-9493-4DF3-8A24-C97EE246DB23}.Release|x86.Build.0 = Release|Win32
		{8A19C3A7-B2FC-441C-AED9-0E3244FC132D}.Debug|x64.ActiveCfg = Debug|x64
		{8A19C3A7-B2FC-441C-AED9-0E3244FC132D}.Debug|x64.Build.0 = Debug|x64
		{8A19C3A7-B2FC-441C-AED9-0E3244FC132D}.Debug|x86.ActiveCfg = Debug|Win32
		{8A19C3A7-B2FC-441C-AED9-0E3244FC132D}.Debug|x86.Build.0 = Debug|Win32
		{8A19C3A7-B2FC-441C-AED9-0E3244FC132D}.Release|x64.ActiveCfg = Release|x64
		{8A19C3A7-B2FC-441C-AED9-0E3244FC132D}.Release|x64.Build.0 = Release|x64
		{8A19C3A7-B2FC-441C-AED9-0E3244FC132D}.Release|x86.ActiveCfg = Release|Win32
		{8A19C3A7-B2FC-441C-AED9-0E3244FC132D}.Release|x86.Build.0 = Release|Win32
		{D40F289F-AB38-4083-86DE-F1043E2D377B}.Debug|x64.ActiveCfg = Debug|x64
		{D40F289F-AB38-4083-86DE-F1043E2D377B}.Debug|x64.Build.0 = Debug|x64
		{D40F289F-AB38-4083-86DE-F1043E2D377B}.Debug|x86.ActiveCfg = Debug|Win32
		{D40F289F-AB38-4083-86DE-F1043E2D377B}.Debug|x86.Build.0 = Debug|Win32
		{D40F289F-AB38-4083-86DE-F1043E2D377B}.Release|x64.ActiveCfg = Release|x64
		{D40F289F-AB38-4083-86DE-F1043E2D377B}.Release|x64.Build.0 = Release|x64
		{D40F289F-AB38-4083-86DE-F1043E2D377B}.Release|x86.ActiveCfg = Release|Win32
		{D40F289F-AB38-4083-86DE-F1043E2D377B}.Release|x86.Build.0 = Release|Win32
		{3E44334A-B80A-4335-BCF0-790041830EF9}.Debug|x64.ActiveCfg = Debug|x64
		{3E44334A-B80A-4335-BCF0-790041830EF9}.Debug|x64.Build.0 = Debug|x64
		{3E44334A-B80A-4335-BCF0-790041830EF9}.Debug|x86.ActiveCfg = Debug|Win32
		{3E44334A-B80A-4335-BCF0-790041830EF9}.Debug|x86.Build.0 = Debug|Win32
		{3E44334A-B80A-4335-BCF0-790041830EF9}.Release|x64.ActiveCfg = Release|x64
		{3E44334A-B80A-4335-BCF0-790041830EF9}.Release|x64.Build.0 = Release|x64
		{3E44334A-B80A-4335-BCF0-790041830EF9}.Release|x86.ActiveCfg = Release|Win32
		{3E44334A-B80A-4335-BCF0-790041830EF9}.Release|x86.Build.0 = Release|Win32
		{036A4293-21E9-4E83-A4B7-CAC2F8E7401E}.Debug|x64.ActiveCfg = Debug|x64
		{036A4293-21E9-4E83-A4B7-CAC2F8E7401E}.Debug|x64.Build.0 = Debug|x64
		{036A4293-21E9-4E83-A4B7-CAC2F8E7401E}.Debug|x86.ActiveCfg = Debug|Win32
		{036A4293-21E9-4E83-A4B7-CAC2F8E7401E}.Debug|x86.Build.0 = Debug|Win32
		{036A4293-21E9-4E83-A4B7-CAC2F8E7401E}.Release|x64.ActiveCfg = Release|x64
		{036A4293-21E9-4E83-A4B7-CAC2F8E7401E}.Release|x64.Build.0 = Release|x64
		{036A4293-21E9-4E83-A4B7-CAC2F8E7401E}.Release|x86.ActiveCfg = Release|Win32
		{036A4293-21E9-4E83-A4B7-CAC2F8E7401E}.Release|x86.Build.0 = Release|Win32
	EndGlobalSection
	GlobalSection(SolutionProperties) = preSolution
		HideSolutionNode = FALSE
	EndGlobalSection
	GlobalSection(NestedProjects) = preSolution
		{AAE7188B-9D25-49FF-BFD2-520F96C8D4B2} = {70C1D5B6-851C-4CD6-8B55-0976F97AFABB}
		{9E800417-9457-46B1-A961-60AAA58A4030} = {70C1D5B6-851C-4CD6-8B55-0976F97AFABB}
		{6A4B2FF7-999D-4EB3-B739-636AFA66DA0D} = {70C1D5B6-851C-4CD6-8B55-0976F97AFABB}
		{A8EE5322-096D-48C4-ABE1-D24F606D816D} = {70C1D5B6-851C-4CD6-8B55-0976F97AFABB}
		{DCD9903B-53BC-4B33-B9E8-C1C3555D3027} = {70C1D5B6-851C-4CD6-8B55-0976F97AFABB}
		{3E44334A-B80A-4335-BCF0-790041830EF9} = {E012B363-D934-4273-A196-FF3730AEA0DB}
		{036A4293-21E9-4E83-A4B7-CAC2F8E7401E} = {E012B363-D934-4273-A196-FF3730AEA0DB}
	EndGlobalSection
EndGlobal
